hash: 9550e00a0501fef7dbd2bb5d549f7328223692403ef0fb5ec297ab9428032909
updated: 2016-04-25T12:22:52.373351883+09:00
imports:
- name: github.com/BurntSushi/toml
  version: bbd5bb678321a0d6e58f1099321dfa73391c1b6f
- name: github.com/fukata/golang-stats-api-handler
  version: e7ee1630fdb679c86ec8e3d0755e3576675fdb10
- name: github.com/mercari/gcm
  version: 987b1dc4ce9034b698395d35de1aadf999388b8f
- name: github.com/RobotsAndPencils/buford
  version: 8fc56b99ffeae3ce6f3baa890455667ab04a8a7b
  subpackages:
  - payload
  - payload/badge
  - push
- name: github.com/Sirupsen/logrus
  version: 4b6ea7319e214d98c938f12692336f7ca9348d6b
- name: github.com/stretchr/testify
  version: f390dcf405f7b83c997eac1b06768bb9f44dec18
- name: golang.org/x/net
  version: b797637b7aeeed133049c7281bfa31dcc9ca42d6
  subpackages:
  - http2
  - http2/hpack
- name: golang.org/x/sys
  version: f64b50fbea64174967a8882830d621a18ee1548e
  subpackages:
  - unix
devImports: []
