hash: d685d43e5d3938884847e821db45422711b567d2bf6204498eb8a45adf804d3e
updated: 2016-11-22T18:52:44.36663394+09:00
imports:
- name: github.com/BurntSushi/toml
  version: bbd5bb678321a0d6e58f1099321dfa73391c1b6f
- name: github.com/fukata/golang-stats-api-handler
  version: e7ee1630fdb679c86ec8e3d0755e3576675fdb10
- name: github.com/mercari/gcm
  version: 987b1dc4ce9034b698395d35de1aadf999388b8f
- name: github.com/RobotsAndPencils/buford
  version: 1589c179b764ddceb204a439d9bf366f04c55f9b
  subpackages:
  - payload
  - payload/badge
  - push
- name: github.com/stretchr/testify
  version: f390dcf405f7b83c997eac1b06768bb9f44dec18
  subpackages:
  - assert
  - require
  - suite
- name: github.com/uber-go/atomic
  version: 9e99152552a6ce13fa3b2ce4a9c4fb117cca4506
- name: github.com/uber-go/zap
  version: dd147206a25aad11c300c661617a2fe26b4a81a7
- name: golang.org/x/net
  version: 4971afdc2f162e82d185353533d3cf16188a9f4e
  subpackages:
  - http2
  - http2/hpack
  - idna
  - lex/httplex
testImports:
- name: github.com/davecgh/go-spew
  version: 2df174808ee097f90d259e432cc04442cf60be21
  subpackages:
  - spew
- name: github.com/pmezard/go-difflib
  version: d8ed2627bdf02c080bf22230dbb337003b7aba2d
  subpackages:
  - difflib
