hash: 149b93bd592f0c639ddd4777f3f496feff57278c5e5d6722e8bcd5207cb7fbfe
updated: 2016-09-28T17:45:43.557952286+09:00
imports:
- name: github.com/BurntSushi/toml
  version: bbd5bb678321a0d6e58f1099321dfa73391c1b6f
- name: github.com/fukata/golang-stats-api-handler
  version: e7ee1630fdb679c86ec8e3d0755e3576675fdb10
- name: github.com/mercari/gcm
  version: 987b1dc4ce9034b698395d35de1aadf999388b8f
- name: github.com/RobotsAndPencils/buford
  version: 9ff2361e1e943d8287af5a140b1fb17810340daa
  subpackages:
  - payload
  - payload/badge
  - push
- name: github.com/stretchr/testify
  version: f390dcf405f7b83c997eac1b06768bb9f44dec18
  subpackages:
  - assert
  - require
  - suite
- name: github.com/uber-go/atomic
  version: 0c9e689d64f004564b79d9a663634756df322902
- name: github.com/uber-go/zap
  version: f1942381637c11a802c356e70ab5b0a953540bb5
- name: golang.org/x/net
  version: f09c4662a0bd6bd8943ac7b4931e185df9471da4
  subpackages:
  - http2
  - http2/hpack
  - idna
  - lex/httplex
testImports:
- name: github.com/davecgh/go-spew
  version: 2df174808ee097f90d259e432cc04442cf60be21
  subpackages:
  - spew
- name: github.com/pmezard/go-difflib
  version: d8ed2627bdf02c080bf22230dbb337003b7aba2d
  subpackages:
  - difflib
