github.com/BurntSushi/toml v0.2.0 h1:OthAm9ZSUx4uAmn3WbPwc06nowWrByRwBsYRhbmFjBs=
github.com/BurntSushi/toml v0.2.0/go.mod h1:xHWCNGjB5oqiDr8zfno3MHue2Ht5sIBksp03qcyfWMU=
github.com/RobotsAndPencils/buford v0.12.0 h1:2nfOk+N/QVoQHwXIS0m5TFdvlUjEnqAj/0yXKR75azY=
github.com/RobotsAndPencils/buford v0.12.0/go.mod h1:27KhJZ/wLQHRnsZF+mTWKvF5w8U4dVl4Nh+BfQem4Lo=
github.com/RobotsAndPencils/buford v0.12.1-0.20190121232938-75d85f30d5ff h1:A2fNCj9bZXAlAJWewqeGD9nxKp6s8WdFD2lfkHSUeNE=
github.com/RobotsAndPencils/buford v0.12.1-0.20190121232938-75d85f30d5ff/go.mod h1:27KhJZ/wLQHRnsZF+mTWKvF5w8U4dVl4Nh+BfQem4Lo=
github.com/client9/reopen v0.0.0-20160619053521-4b86f9c0ead5 h1:46QA9E5dIKm6lNygBd+eSiLF32HsgjJwbA1IELhs5Vo=
github.com/client9/reopen v0.0.0-20160619053521-4b86f9c0ead5/go.mod h1:caXVCEr+lUtoN1FlsRiOWdfQtdRHIYfcb0ai8qKWtkQ=
github.com/davecgh/go-spew v1.1.1 h1:vj9j/u1bqnvCEfJOwUhtlOARqs3+rkHYY13jYWTU97c=
github.com/davecgh/go-spew v1.1.1/go.mod h1:J7Y8YcW2NihsgmVo/mv3lAwl/skON4iLHjSsI+c5H38=
github.com/fukata/golang-stats-api-handler v0.0.0-20160325105040-ab9f90f16caa h1:YxLexpeQS0Fz/sNa3QQEgLWyVhgNhEB1GQUi+c45nFs=
github.com/fukata/golang-stats-api-handler v0.0.0-20160325105040-ab9f90f16caa/go.mod h1:1sIi4/rHq6s/ednWMZqTmRq3765qTUSs/c3xF6lj8J8=
github.com/lestrrat/go-server-starter v0.0.0-20151125041704-901cec093d58 h1:9/ngkqJb42WLtYR6EFRnImztkmF+n5EhwKBxVOj2B3o=
github.com/lestrrat/go-server-starter v0.0.0-20151125041704-901cec093d58/go.mod h1:3T+o9dIpjId0dpv2Aa7+HivBIW9h9nra0VuN5ARP/ec=
github.com/pkg/errors v0.8.1 h1:iURUrRGxPUNPdy5/HRSm+Yj6okJ6UtLINN0Q9M4+h3I=
github.com/pkg/errors v0.8.1/go.mod h1:bwawxfHBFNV+L2hUp1rHADufV3IMtnDRdf1r5NINEl0=
github.com/pmezard/go-difflib v1.0.0 h1:4DBwDE0NGyQoBHbLQYPwSUPoCMWR5BEzIk/f1lZbAQM=
github.com/pmezard/go-difflib v1.0.0/go.mod h1:iKH77koFhYxTK1pcRnkKkqfTogsbg7gZNVY4sRDYZ/4=
github.com/stretchr/testify v0.0.0-20161117074351-18a02ba4a312 h1:UsFdQ3ZmlzS0BqZYGxvYaXvFGUbCmPGy8DM7qWJJiIQ=
github.com/stretchr/testify v0.0.0-20161117074351-18a02ba4a312/go.mod h1:a8OnRcib4nhh0OaRAV+Yts87kKdq0PP7pXfy6kDkUVs=
go.uber.org/atomic v1.1.0 h1:wm63V2eSi29VDCF8+5+V0ruTF+GgWT9cW/J9mpkPtRo=
go.uber.org/atomic v1.1.0/go.mod h1:gD2HeocX3+yG+ygLZcrzQJaqmWj9AIm7n08wl/qW/PE=
go.uber.org/zap v0.0.0-20170224221842-12592ca48efc h1:pt7EHxvttVwmn5rrlkwEFkjs4OYEOvbLrQgfrNlHTAY=
go.uber.org/zap v0.0.0-20170224221842-12592ca48efc/go.mod h1:vwi/ZaCAaUcBkycHslxD9B2zi4UTXhF60s6SWpuDF0Q=
golang.org/x/crypto v0.0.0-20190103213133-ff983b9c42bc h1:F5tKCVGp+MUAHhKp5MZtGqAlGX3+oCsiL1Q629FL90M=
golang.org/x/crypto v0.0.0-20190103213133-ff983b9c42bc/go.mod h1:6SG95UA2DQfeDnfUPMdvaQW0Q7yPrPDi9nlGo2tz2b4=
golang.org/x/net v0.0.0-20161116075034-4971afdc2f16 h1:x2xFZACPoDbV+g+48fDH/4EQTTNPgHTRko7g0JQiZws=
golang.org/x/net v0.0.0-20161116075034-4971afdc2f16/go.mod h1:mL1N/T3taQHkDXs73rZJwtUhF3w3ftmwwsq0BUmARs4=
